
Microsoft Visual Studio Solution File, Format Version 12.00
# Visual Studio Version 17
VisualStudioVersion = 17.11.35327.3
MinimumVisualStudioVersion = 10.0.40219.1
Project("{FAE04EC0-301F-11D3-BF4B-00C04F79EFBC}") = "LAB_04", "LAB_04\LAB_04.csproj", "{3746F565-52C7-4927-878A-EEF93A99FB06}"
EndProject
Global
	GlobalSection(SolutionConfigurationPlatforms) = preSolution
		Debug|Any CPU = Debug|Any CPU
		Release|Any CPU = Release|Any CPU
	EndGlobalSection
	GlobalSection(ProjectConfigurationPlatforms) = postSolution
		{3746F565-52C7-4927-878A-EEF93A99FB06}.Debug|Any CPU.ActiveCfg = Debug|Any CPU
		{3746F565-52C7-4927-878A-EEF93A99FB06}.Debug|Any CPU.Build.0 = Debug|Any CPU
		{3746F565-52C7-4927-878A-EEF93A99FB06}.Release|Any CPU.ActiveCfg = Release|Any CPU
		{3746F565-52C7-4927-878A-EEF93A99FB06}.Release|Any CPU.Build.0 = Release|Any CPU
	EndGlobalSection
	GlobalSection(SolutionProperties) = preSolution
		HideSolutionNode = FALSE
	EndGlobalSection
	GlobalSection(ExtensibilityGlobals) = postSolution
		SolutionGuid = {AA9F13FA-497E-4A29-9BB7-DC4B562A6684}
	EndGlobalSection
EndGlobal
